// !$*UTF8*$!
{
	archiveVersion = 1;
	classes = {
	};
	objectVersion = 48;
	objects = {

/* Begin PBXBuildFile section */
		841F077B201865EC00501B9A /* AppDelegate.swift in Sources */ = {isa = PBXBuildFile; fileRef = 841F077A201865EC00501B9A /* AppDelegate.swift */; };
		841F077D201865EC00501B9A /* ToDoListViewController.swift in Sources */ = {isa = PBXBuildFile; fileRef = 841F077C201865EC00501B9A /* ToDoListViewController.swift */; };
		841F0780201865EC00501B9A /* Main.storyboard in Resources */ = {isa = PBXBuildFile; fileRef = 841F077E201865EC00501B9A /* Main.storyboard */; };
		841F0782201865ED00501B9A /* Assets.xcassets in Resources */ = {isa = PBXBuildFile; fileRef = 841F0781201865ED00501B9A /* Assets.xcassets */; };
		841F0785201865ED00501B9A /* LaunchScreen.storyboard in Resources */ = {isa = PBXBuildFile; fileRef = 841F0783201865ED00501B9A /* LaunchScreen.storyboard */; };
		84D1BE622021D89800F59566 /* CategoryViewController.swift in Sources */ = {isa = PBXBuildFile; fileRef = 84D1BE612021D89800F59566 /* CategoryViewController.swift */; };
		84DF67BC20204B16008448CA /* DataModel.xcdatamodeld in Sources */ = {isa = PBXBuildFile; fileRef = 84DF67BA20204B16008448CA /* DataModel.xcdatamodeld */; };
/* End PBXBuildFile section */

/* Begin PBXFileReference section */
		841F0777201865EC00501B9A /* ToDoS.app */ = {isa = PBXFileReference; explicitFileType = wrapper.application; includeInIndex = 0; path = ToDoS.app; sourceTree = BUILT_PRODUCTS_DIR; };
		841F077A201865EC00501B9A /* AppDelegate.swift */ = {isa = PBXFileReference; lastKnownFileType = sourcecode.swift; path = AppDelegate.swift; sourceTree = "<group>"; };
		841F077C201865EC00501B9A /* ToDoListViewController.swift */ = {isa = PBXFileReference; lastKnownFileType = sourcecode.swift; path = ToDoListViewController.swift; sourceTree = "<group>"; };
		841F077F201865EC00501B9A /* Base */ = {isa = PBXFileReference; lastKnownFileType = file.storyboard; name = Base; path = Base.lproj/Main.storyboard; sourceTree = "<group>"; };
		841F0781201865ED00501B9A /* Assets.xcassets */ = {isa = PBXFileReference; lastKnownFileType = folder.assetcatalog; path = Assets.xcassets; sourceTree = "<group>"; };
		841F0784201865ED00501B9A /* Base */ = {isa = PBXFileReference; lastKnownFileType = file.storyboard; name = Base; path = Base.lproj/LaunchScreen.storyboard; sourceTree = "<group>"; };
		841F0786201865ED00501B9A /* Info.plist */ = {isa = PBXFileReference; lastKnownFileType = text.plist.xml; path = Info.plist; sourceTree = "<group>"; };
		84D1BE612021D89800F59566 /* CategoryViewController.swift */ = {isa = PBXFileReference; lastKnownFileType = sourcecode.swift; path = CategoryViewController.swift; sourceTree = "<group>"; };
		84DF67BB20204B16008448CA /* DataModel.xcdatamodel */ = {isa = PBXFileReference; lastKnownFileType = wrapper.xcdatamodel; path = DataModel.xcdatamodel; sourceTree = "<group>"; };
/* End PBXFileReference section */

/* Begin PBXFrameworksBuildPhase section */
		841F0774201865EC00501B9A /* Frameworks */ = {
			isa = PBXFrameworksBuildPhase;
			buildActionMask = 2147483647;
			files = (
			);
			runOnlyForDeploymentPostprocessing = 0;
		};
/* End PBXFrameworksBuildPhase section */

/* Begin PBXGroup section */
		84003B252019B32600E4E809 /* Data Model */ = {
			isa = PBXGroup;
			children = (
				84DF67BA20204B16008448CA /* DataModel.xcdatamodeld */,
			);
			path = "Data Model";
			sourceTree = "<group>";
		};
		84003B262019B33800E4E809 /* View */ = {
			isa = PBXGroup;
			children = (
				841F077E201865EC00501B9A /* Main.storyboard */,
			);
			path = View;
			sourceTree = "<group>";
		};
		84003B272019B33E00E4E809 /* Controller */ = {
			isa = PBXGroup;
			children = (
				84D1BE612021D89800F59566 /* CategoryViewController.swift */,
				841F077C201865EC00501B9A /* ToDoListViewController.swift */,
			);
			path = Controller;
			sourceTree = "<group>";
		};
		84003B2A2019B87400E4E809 /* Supporting Files */ = {
			isa = PBXGroup;
			children = (
				841F0781201865ED00501B9A /* Assets.xcassets */,
				841F0783201865ED00501B9A /* LaunchScreen.storyboard */,
			);
			path = "Supporting Files";
			sourceTree = "<group>";
		};
		841F076E201865EC00501B9A = {
			isa = PBXGroup;
			children = (
				841F0779201865EC00501B9A /* ToDoS */,
				841F0778201865EC00501B9A /* Products */,
			);
			sourceTree = "<group>";
		};
		841F0778201865EC00501B9A /* Products */ = {
			isa = PBXGroup;
			children = (
				841F0777201865EC00501B9A /* ToDoS.app */,
			);
			name = Products;
			sourceTree = "<group>";
		};
		841F0779201865EC00501B9A /* ToDoS */ = {
			isa = PBXGroup;
			children = (
				841F077A201865EC00501B9A /* AppDelegate.swift */,
				84003B272019B33E00E4E809 /* Controller */,
				84003B252019B32600E4E809 /* Data Model */,
				84003B262019B33800E4E809 /* View */,
				84003B2A2019B87400E4E809 /* Supporting Files */,
				841F0786201865ED00501B9A /* Info.plist */,
			);
			path = ToDoS;
			sourceTree = "<group>";
		};
/* End PBXGroup section */

/* Begin PBXNativeTarget section */
		841F0776201865EC00501B9A /* ToDoS */ = {
			isa = PBXNativeTarget;
			buildConfigurationList = 841F0789201865ED00501B9A /* Build configuration list for PBXNativeTarget "ToDoS" */;
			buildPhases = (
				841F0773201865EC00501B9A /* Sources */,
				841F0774201865EC00501B9A /* Frameworks */,
				841F0775201865EC00501B9A /* Resources */,
			);
			buildRules = (
			);
			dependencies = (
			);
			name = ToDoS;
			productName = ToDoS;
			productReference = 841F0777201865EC00501B9A /* ToDoS.app */;
			productType = "com.apple.product-type.application";
		};
/* End PBXNativeTarget section */

/* Begin PBXProject section */
		841F076F201865EC00501B9A /* Project object */ = {
			isa = PBXProject;
			attributes = {
				LastSwiftUpdateCheck = 0920;
				LastUpgradeCheck = 0920;
				ORGANIZATIONNAME = "Abinaya Sindhu";
				TargetAttributes = {
					841F0776201865EC00501B9A = {
						CreatedOnToolsVersion = 9.2;
						ProvisioningStyle = Automatic;
					};
				};
			};
			buildConfigurationList = 841F0772201865EC00501B9A /* Build configuration list for PBXProject "ToDoS" */;
			compatibilityVersion = "Xcode 8.0";
			developmentRegion = en;
			hasScannedForEncodings = 0;
			knownRegions = (
				en,
				Base,
			);
			mainGroup = 841F076E201865EC00501B9A;
			productRefGroup = 841F0778201865EC00501B9A /* Products */;
			projectDirPath = "";
			projectRoot = "";
			targets = (
				841F0776201865EC00501B9A /* ToDoS */,
			);
		};
/* End PBXProject section */

/* Begin PBXResourcesBuildPhase section */
		841F0775201865EC00501B9A /* Resources */ = {
			isa = PBXResourcesBuildPhase;
			buildActionMask = 2147483647;
			files = (
				841F0785201865ED00501B9A /* LaunchScreen.storyboard in Resources */,
				841F0782201865ED00501B9A /* Assets.xcassets in Resources */,
				841F0780201865EC00501B9A /* Main.storyboard in Resources */,
			);
			runOnlyForDeploymentPostprocessing = 0;
		};
/* End PBXResourcesBuildPhase section */

/* Begin PBXSourcesBuildPhase section */
		841F0773201865EC00501B9A /* Sources */ = {
			isa = PBXSourcesBuildPhase;
			buildActionMask = 2147483647;
			files = (
				84D1BE622021D89800F59566 /* CategoryViewController.swift in Sources */,
				841F077D201865EC00501B9A /* ToDoListViewController.swift in Sources */,
				84DF67BC20204B16008448CA /* DataModel.xcdatamodeld in Sources */,
				841F077B201865EC00501B9A /* AppDelegate.swift in Sources */,
			);
			runOnlyForDeploymentPostprocessing = 0;
		};
/* End PBXSourcesBuildPhase section */

/* Begin PBXVariantGroup section */
		841F077E201865EC00501B9A /* Main.storyboard */ = {
			isa = PBXVariantGroup;
			children = (
				841F077F201865EC00501B9A /* Base */,
			);
			name = Main.storyboard;
			sourceTree = "<group>";
		};
		841F0783201865ED00501B9A /* LaunchScreen.storyboard */ = {
			isa = PBXVariantGroup;
			children = (
				841F0784201865ED00501B9A /* Base */,
			);
			name = LaunchScreen.storyboard;
			sourceTree = "<group>";
		};
/* End PBXVariantGroup section */

/* Begin XCBuildConfiguration section */
		841F0787201865ED00501B9A /* Debug */ = {
			isa = XCBuildConfiguration;
			buildSettings = {
				ALWAYS_SEARCH_USER_PATHS = NO;
				CLANG_ANALYZER_NONNULL = YES;
				CLANG_ANALYZER_NUMBER_OBJECT_CONVERSION = YES_AGGRESSIVE;
				CLANG_CXX_LANGUAGE_STANDARD = "gnu++14";
				CLANG_CXX_LIBRARY = "libc++";
				CLANG_ENABLE_MODULES = YES;
				CLANG_ENABLE_OBJC_ARC = YES;
				CLANG_WARN_BLOCK_CAPTURE_AUTORELEASING = YES;
				CLANG_WARN_BOOL_CONVERSION = YES;
				CLANG_WARN_COMMA = YES;
				CLANG_WARN_CONSTANT_CONVERSION = YES;
				CLANG_WARN_DIRECT_OBJC_ISA_USAGE = YES_ERROR;
				CLANG_WARN_DOCUMENTATION_COMMENTS = YES;
				CLANG_WARN_EMPTY_BODY = YES;
				CLANG_WARN_ENUM_CONVERSION = YES;
				CLANG_WARN_INFINITE_RECURSION = YES;
				CLANG_WARN_INT_CONVERSION = YES;
				CLANG_WARN_NON_LITERAL_NULL_CONVERSION = YES;
				CLANG_WARN_OBJC_LITERAL_CONVERSION = YES;
				CLANG_WARN_OBJC_ROOT_CLASS = YES_ERROR;
				CLANG_WARN_RANGE_LOOP_ANALYSIS = YES;
				CLANG_WARN_STRICT_PROTOTYPES = YES;
				CLANG_WARN_SUSPICIOUS_MOVE = YES;
				CLANG_WARN_UNGUARDED_AVAILABILITY = YES_AGGRESSIVE;
				CLANG_WARN_UNREACHABLE_CODE = YES;
				CLANG_WARN__DUPLICATE_METHOD_MATCH = YES;
				CODE_SIGN_IDENTITY = "iPhone Developer";
				COPY_PHASE_STRIP = NO;
				DEBUG_INFORMATION_FORMAT = dwarf;
				ENABLE_STRICT_OBJC_MSGSEND = YES;
				ENABLE_TESTABILITY = YES;
				GCC_C_LANGUAGE_STANDARD = gnu11;
				GCC_DYNAMIC_NO_PIC = NO;
				GCC_NO_COMMON_BLOCKS = YES;
				GCC_OPTIMIZATION_LEVEL = 0;
				GCC_PREPROCESSOR_DEFINITIONS = (
					"DEBUG=1",
					"$(inherited)",
				);
				GCC_WARN_64_TO_32_BIT_CONVERSION = YES;
				GCC_WARN_ABOUT_RETURN_TYPE = YES_ERROR;
				GCC_WARN_UNDECLARED_SELECTOR = YES;
				GCC_WARN_UNINITIALIZED_AUTOS = YES_AGGRESSIVE;
				GCC_WARN_UNUSED_FUNCTION = YES;
				GCC_WARN_UNUSED_VARIABLE = YES;
				IPHONEOS_DEPLOYMENT_TARGET = 11.2;
				MTL_ENABLE_DEBUG_INFO = YES;
				ONLY_ACTIVE_ARCH = YES;
				SDKROOT = iphoneos;
				SWIFT_ACTIVE_COMPILATION_CONDITIONS = DEBUG;
				SWIFT_OPTIMIZATION_LEVEL = "-Onone";
			};
			name = Debug;
		};
		841F0788201865ED00501B9A /* Release */ = {
			isa = XCBuildConfiguration;
			buildSettings = {
				ALWAYS_SEARCH_USER_PATHS = NO;
				CLANG_ANALYZER_NONNULL = YES;
				CLANG_ANALYZER_NUMBER_OBJECT_CONVERSION = YES_AGGRESSIVE;
				CLANG_CXX_LANGUAGE_STANDARD = "gnu++14";
				CLANG_CXX_LIBRARY = "libc++";
				CLANG_ENABLE_MODULES = YES;
				CLANG_ENABLE_OBJC_ARC = YES;
				CLANG_WARN_BLOCK_CAPTURE_AUTORELEASING = YES;
				CLANG_WARN_BOOL_CONVERSION = YES;
				CLANG_WARN_COMMA = YES;
				CLANG_WARN_CONSTANT_CONVERSION = YES;
				CLANG_WARN_DIRECT_OBJC_ISA_USAGE = YES_ERROR;
				CLANG_WARN_DOCUMENTATION_COMMENTS = YES;
				CLANG_WARN_EMPTY_BODY = YES;
				CLANG_WARN_ENUM_CONVERSION = YES;
				CLANG_WARN_INFINITE_RECURSION = YES;
				CLANG_WARN_INT_CONVERSION = YES;
				CLANG_WARN_NON_LITERAL_NULL_CONVERSION = YES;
				CLANG_WARN_OBJC_LITERAL_CONVERSION = YES;
				CLANG_WARN_OBJC_ROOT_CLASS = YES_ERROR;
				CLANG_WARN_RANGE_LOOP_ANALYSIS = YES;
				CLANG_WARN_STRICT_PROTOTYPES = YES;
				CLANG_WARN_SUSPICIOUS_MOVE = YES;
				CLANG_WARN_UNGUARDED_AVAILABILITY = YES_AGGRESSIVE;
				CLANG_WARN_UNREACHABLE_CODE = YES;
				CLANG_WARN__DUPLICATE_METHOD_MATCH = YES;
				CODE_SIGN_IDENTITY = "iPhone Developer";
				COPY_PHASE_STRIP = NO;
				DEBUG_INFORMATION_FORMAT = "dwarf-with-dsym";
				ENABLE_NS_ASSERTIONS = NO;
				ENABLE_STRICT_OBJC_MSGSEND = YES;
				GCC_C_LANGUAGE_STANDARD = gnu11;
				GCC_NO_COMMON_BLOCKS = YES;
				GCC_WARN_64_TO_32_BIT_CONVERSION = YES;
				GCC_WARN_ABOUT_RETURN_TYPE = YES_ERROR;
				GCC_WARN_UNDECLARED_SELECTOR = YES;
				GCC_WARN_UNINITIALIZED_AUTOS = YES_AGGRESSIVE;
				GCC_WARN_UNUSED_FUNCTION = YES;
				GCC_WARN_UNUSED_VARIABLE = YES;
				IPHONEOS_DEPLOYMENT_TARGET = 11.2;
				MTL_ENABLE_DEBUG_INFO = NO;
				SDKROOT = iphoneos;
				SWIFT_OPTIMIZATION_LEVEL = "-Owholemodule";
				VALIDATE_PRODUCT = YES;
			};
			name = Release;
		};
		841F078A201865ED00501B9A /* Debug */ = {
			isa = XCBuildConfiguration;
			buildSettings = {
				ASSETCATALOG_COMPILER_APPICON_NAME = AppIcon;
				CODE_SIGN_STYLE = Automatic;
				DEVELOPMENT_TEAM = 8S4E4L5LAH;
				INFOPLIST_FILE = ToDoS/Info.plist;
				IPHONEOS_DEPLOYMENT_TARGET = 11.2;
				LD_RUNPATH_SEARCH_PATHS = "$(inherited) @executable_path/Frameworks";
				PRODUCT_BUNDLE_IDENTIFIER = com.abinayasindhu.ToDoS;
				PRODUCT_NAME = "$(TARGET_NAME)";
				SWIFT_VERSION = 4.0;
				TARGETED_DEVICE_FAMILY = "1,2";
			};
			name = Debug;
		};
		841F078B201865ED00501B9A /* Release */ = {
			isa = XCBuildConfiguration;
			buildSettings = {
				ASSETCATALOG_COMPILER_APPICON_NAME = AppIcon;
				CODE_SIGN_STYLE = Automatic;
				DEVELOPMENT_TEAM = 8S4E4L5LAH;
				INFOPLIST_FILE = ToDoS/Info.plist;
				IPHONEOS_DEPLOYMENT_TARGET = 11.2;
				LD_RUNPATH_SEARCH_PATHS = "$(inherited) @executable_path/Frameworks";
				PRODUCT_BUNDLE_IDENTIFIER = com.abinayasindhu.ToDoS;
				PRODUCT_NAME = "$(TARGET_NAME)";
				SWIFT_VERSION = 4.0;
				TARGETED_DEVICE_FAMILY = "1,2";
			};
			name = Release;
		};
/* End XCBuildConfiguration section */

/* Begin XCConfigurationList section */
		841F0772201865EC00501B9A /* Build configuration list for PBXProject "ToDoS" */ = {
			isa = XCConfigurationList;
			buildConfigurations = (
				841F0787201865ED00501B9A /* Debug */,
				841F0788201865ED00501B9A /* Release */,
			);
			defaultConfigurationIsVisible = 0;
			defaultConfigurationName = Release;
		};
		841F0789201865ED00501B9A /* Build configuration list for PBXNativeTarget "ToDoS" */ = {
			isa = XCConfigurationList;
			buildConfigurations = (
				841F078A201865ED00501B9A /* Debug */,
				841F078B201865ED00501B9A /* Release */,
			);
			defaultConfigurationIsVisible = 0;
			defaultConfigurationName = Release;
		};
/* End XCConfigurationList section */

/* Begin XCVersionGroup section */
		84DF67BA20204B16008448CA /* DataModel.xcdatamodeld */ = {
			isa = XCVersionGroup;
			children = (
				84DF67BB20204B16008448CA /* DataModel.xcdatamodel */,
			);
			currentVersion = 84DF67BB20204B16008448CA /* DataModel.xcdatamodel */;
			path = DataModel.xcdatamodeld;
			sourceTree = "<group>";
			versionGroupType = wrapper.xcdatamodel;
		};
/* End XCVersionGroup section */
	};
	rootObject = 841F076F201865EC00501B9A /* Project object */;
}
